
Microsoft Visual Studio Solution File, Format Version 12.00
# Visual Studio Version 16
VisualStudioVersion = 16.0.31112.23
MinimumVisualStudioVersion = 10.0.40219.1
Project("{FAE04EC0-301F-11D3-BF4B-00C04F79EFBC}") = "IntelviaStore", "IntelviaStore\IntelviaStore.csproj", "{986AA061-F31B-4E5D-BD97-1DA18A6FC25A}"
EndProject
Global
	GlobalSection(SolutionConfigurationPlatforms) = preSolution
		Debug|Any CPU = Debug|Any CPU
		Release|Any CPU = Release|Any CPU
	EndGlobalSection
	GlobalSection(ProjectConfigurationPlatforms) = postSolution
		{986AA061-F31B-4E5D-BD97-1DA18A6FC25A}.Debug|Any CPU.ActiveCfg = Debug|Any CPU
		{986AA061-F31B-4E5D-BD97-1DA18A6FC25A}.Debug|Any CPU.Build.0 = Debug|Any CPU
		{986AA061-F31B-4E5D-BD97-1DA18A6FC25A}.Release|Any CPU.ActiveCfg = Release|Any CPU
		{986AA061-F31B-4E5D-BD97-1DA18A6FC25A}.Release|Any CPU.Build.0 = Release|Any CPU
	EndGlobalSection
	GlobalSection(SolutionProperties) = preSolution
		HideSolutionNode = FALSE
	EndGlobalSection
	GlobalSection(ExtensibilityGlobals) = postSolution
		SolutionGuid = {14B3ED0A-A72D-40BE-AC0A-0C7342C80CE2}
	EndGlobalSection
EndGlobal
